<?xml version="1.0" encoding="utf-8"?>
<Project ToolsVersion="4.0" xmlns="http://schemas.microsoft.com/developer/msbuild/2003">
  <ItemGroup>
    <Filter Include="Source Files">
      <UniqueIdentifier>{4FC737F1-C7A5-4376-A066-2A32D752A2FF}</UniqueIdentifier>
      <Extensions>cpp;c;cc;cxx;def;odl;idl;hpj;bat;asm;asmx</Extensions>
    </Filter>
    <Filter Include="Header Files">
      <UniqueIdentifier>{93995380-89BD-4b04-88EB-625FBE52EBFB}</UniqueIdentifier>
      <Extensions>h;hh;hpp;hxx;hm;inl;inc;ipp;xsd</Extensions>
    </Filter>
    <Filter Include="Resource Files">
      <UniqueIdentifier>{67DA6AB6-F800-4c08-8B7A-83BB121AAD01}</UniqueIdentifier>
      <Extensions>rc;ico;cur;bmp;dlg;rc2;rct;bin;rgs;gif;jpg;jpeg;jpe;resx;tiff;tif;png;wav;mfcribbon-ms</Extensions>
    </Filter>
    <Filter Include="Header Files\Scenes">
      <UniqueIdentifier>{252de02d-6b89-41ec-b372-ddfef9870bbe}</UniqueIdentifier>
    </Filter>
    <Filter Include="Source Files\Scenes">
      <UniqueIdentifier>{e8c82a08-d757-47ee-b6fe-eee59a99570f}</UniqueIdentifier>
    </Filter>
    <Filter Include="Source Files\Engine">
      <UniqueIdentifier>{197d1a09-0a3c-48e3-b477-650b142fead1}</UniqueIdentifier>
    </Filter>
    <Filter Include="Source Files\Graphics">
      <UniqueIdentifier>{f77b2508-655a-4fc2-8e12-364292a14de3}</UniqueIdentifier>
    </Filter>
    <Filter Include="Resource Files\Reflection">
      <UniqueIdentifier>{f6db4b44-2bf2-4a45-b81e-927a355be332}</UniqueIdentifier>
    </Filter>
    <Filter Include="Resource Files\Tessalation">
      <UniqueIdentifier>{f3096446-978f-4475-9bc5-9440ca1e657b}</UniqueIdentifier>
    </Filter>
    <Filter Include="Resource Files\PhongLighting">
      <UniqueIdentifier>{fb3eb078-098f-40c6-ae51-3d68c9fc0ee3}</UniqueIdentifier>
    </Filter>
    <Filter Include="Resource Files\Skybox">
      <UniqueIdentifier>{9ce36589-53cc-46fa-b7c6-9709d4366f79}</UniqueIdentifier>
    </Filter>
    <Filter Include="Resource Files\Normal">
      <UniqueIdentifier>{a784d11d-7623-41de-a668-59954ffd9e00}</UniqueIdentifier>
    </Filter>
    <Filter Include="Resource Files\Default">
      <UniqueIdentifier>{fd50bc12-a474-472a-b167-768caeac6b8e}</UniqueIdentifier>
    </Filter>
    <Filter Include="Source Files\Scenes\Physics">
      <UniqueIdentifier>{1348c1ba-5072-4a05-b88d-c9b10e8c99cf}</UniqueIdentifier>
    </Filter>
    <Filter Include="Source Files\Scenes\Graphics">
      <UniqueIdentifier>{163bd936-4791-4c60-b02f-eba112cd0959}</UniqueIdentifier>
    </Filter>
    <Filter Include="Header Files\Scenes\Physics">
      <UniqueIdentifier>{5d6c4a1c-33e5-4bf4-9835-5aa3680976b8}</UniqueIdentifier>
    </Filter>
    <Filter Include="Header Files\Scenes\Graphics">
      <UniqueIdentifier>{061ab0e5-42c0-481e-a426-aa627aa7c313}</UniqueIdentifier>
    </Filter>
    <Filter Include="Header Files\Graphics">
      <UniqueIdentifier>{8e5536b7-5190-4558-863b-db53f2ba9795}</UniqueIdentifier>
    </Filter>
    <Filter Include="Header Files\Engine">
      <UniqueIdentifier>{9898f5b2-2578-4aab-8532-cbf8a7dd222d}</UniqueIdentifier>
    </Filter>
    <Filter Include="Source Files\Scenes\PTG">
      <UniqueIdentifier>{63180a4e-a7a3-4f3a-9837-3077f6e3f4d2}</UniqueIdentifier>
    </Filter>
    <Filter Include="Header Files\Scenes\PTG">
      <UniqueIdentifier>{8638c37b-9b45-43b0-8907-d6c5a27f54c5}</UniqueIdentifier>
    </Filter>
  </ItemGroup>
  <ItemGroup>
    <ClCompile Include="Main.cpp">
      <Filter>Source Files</Filter>
    </ClCompile>
    <ClCompile Include="Debug.cpp">
      <Filter>Source Files</Filter>
    </ClCompile>
    <ClCompile Include="Body.cpp">
      <Filter>Source Files\Engine</Filter>
    </ClCompile>
    <ClCompile Include="Collision.cpp">
      <Filter>Source Files\Engine</Filter>
    </ClCompile>
    <ClCompile Include="Camera.cpp">
      <Filter>Source Files\Graphics</Filter>
    </ClCompile>
    <ClCompile Include="SceneManager.cpp">
      <Filter>Source Files\Scenes</Filter>
    </ClCompile>
    <ClCompile Include="Window.cpp">
      <Filter>Source Files\Graphics</Filter>
    </ClCompile>
    <ClCompile Include="Trackball.cpp">
      <Filter>Source Files\Graphics</Filter>
    </ClCompile>
    <ClCompile Include="Timer.cpp">
      <Filter>Source Files\Engine</Filter>
    </ClCompile>
    <ClCompile Include="Texture.cpp">
      <Filter>Source Files\Graphics</Filter>
    </ClCompile>
    <ClCompile Include="SkyBox.cpp">
      <Filter>Source Files\Graphics</Filter>
    </ClCompile>
    <ClCompile Include="Shader.cpp">
      <Filter>Source Files\Graphics</Filter>
    </ClCompile>
    <ClCompile Include="Plane.cpp">
      <Filter>Source Files\Engine</Filter>
    </ClCompile>
    <ClCompile Include="Mesh.cpp">
      <Filter>Source Files\Engine</Filter>
    </ClCompile>
    <ClCompile Include="Scene0p.cpp">
      <Filter>Source Files\Scenes\Physics</Filter>
    </ClCompile>
    <ClCompile Include="Scene1p.cpp">
      <Filter>Source Files\Scenes\Physics</Filter>
    </ClCompile>
    <ClCompile Include="Scene2p.cpp">
      <Filter>Source Files\Scenes\Physics</Filter>
    </ClCompile>
    <ClCompile Include="Scene3p.cpp">
      <Filter>Source Files\Scenes\Physics</Filter>
    </ClCompile>
    <ClCompile Include="Scene4p.cpp">
      <Filter>Source Files\Scenes\Physics</Filter>
    </ClCompile>
    <ClCompile Include="Scene0g.cpp">
      <Filter>Source Files\Scenes\Graphics</Filter>
    </ClCompile>
    <ClCompile Include="Scene1g.cpp">
      <Filter>Source Files\Scenes\Graphics</Filter>
    </ClCompile>
    <ClCompile Include="Scene2g.cpp">
      <Filter>Source Files\Scenes\Graphics</Filter>
    </ClCompile>
    <ClCompile Include="Scene3g.cpp">
      <Filter>Source Files\Scenes\Graphics</Filter>
    </ClCompile>
    <ClCompile Include="Scene4g.cpp">
      <Filter>Source Files\Scenes\Graphics</Filter>
    </ClCompile>
    <ClCompile Include="Scene5g.cpp">
      <Filter>Source Files\Scenes\Graphics</Filter>
    </ClCompile>
    <ClCompile Include="PTGScene.cpp">
      <Filter>Source Files\Scenes\PTG</Filter>
    </ClCompile>
  </ItemGroup>
  <ItemGroup>
    <ClInclude Include="Scene.h">
      <Filter>Header Files\Scenes</Filter>
    </ClInclude>
    <ClInclude Include="Scene0p.h">
      <Filter>Header Files\Scenes\Physics</Filter>
    </ClInclude>
    <ClInclude Include="Scene1p.h">
      <Filter>Header Files\Scenes\Physics</Filter>
    </ClInclude>
    <ClInclude Include="Scene2p.h">
      <Filter>Header Files\Scenes\Physics</Filter>
    </ClInclude>
    <ClInclude Include="Scene3p.h">
      <Filter>Header Files\Scenes\Physics</Filter>
    </ClInclude>
    <ClInclude Include="Scene4p.h">
      <Filter>Header Files\Scenes\Physics</Filter>
    </ClInclude>
    <ClInclude Include="Scene5g.h">
      <Filter>Header Files\Scenes\Graphics</Filter>
    </ClInclude>
    <ClInclude Include="Scene0g.h">
      <Filter>Header Files\Scenes\Graphics</Filter>
    </ClInclude>
    <ClInclude Include="Scene1g.h">
      <Filter>Header Files\Scenes\Graphics</Filter>
    </ClInclude>
    <ClInclude Include="Scene2g.h">
      <Filter>Header Files\Scenes\Graphics</Filter>
    </ClInclude>
    <ClInclude Include="Scene3g.h">
      <Filter>Header Files\Scenes\Graphics</Filter>
    </ClInclude>
    <ClInclude Include="Scene4g.h">
      <Filter>Header Files\Scenes\Graphics</Filter>
    </ClInclude>
    <ClInclude Include="Collision.h">
      <Filter>Header Files\Engine</Filter>
    </ClInclude>
    <ClInclude Include="Mesh.h">
      <Filter>Header Files\Engine</Filter>
    </ClInclude>
    <ClInclude Include="Plane.h">
      <Filter>Header Files\Engine</Filter>
    </ClInclude>
    <ClInclude Include="Timer.h">
      <Filter>Header Files\Engine</Filter>
    </ClInclude>
    <ClInclude Include="Body.h">
      <Filter>Header Files\Engine</Filter>
    </ClInclude>
    <ClInclude Include="Camera.h">
      <Filter>Header Files\Graphics</Filter>
    </ClInclude>
    <ClInclude Include="Texture.h">
      <Filter>Header Files\Graphics</Filter>
    </ClInclude>
    <ClInclude Include="SkyBox.h">
      <Filter>Header Files\Graphics</Filter>
    </ClInclude>
    <ClInclude Include="tiny_obj_loader.h">
      <Filter>Header Files\Graphics</Filter>
    </ClInclude>
    <ClInclude Include="Trackball.h">
      <Filter>Header Files\Graphics</Filter>
    </ClInclude>
    <ClInclude Include="Window.h">
      <Filter>Header Files\Graphics</Filter>
    </ClInclude>
    <ClInclude Include="Debug.h">
      <Filter>Header Files\Engine</Filter>
    </ClInclude>
    <ClInclude Include="Shader.h">
      <Filter>Header Files\Graphics</Filter>
    </ClInclude>
    <ClInclude Include="SceneManager.h">
      <Filter>Header Files\Scenes</Filter>
    </ClInclude>
    <ClInclude Include="PTGScene.h">
      <Filter>Header Files\Scenes\PTG</Filter>
    </ClInclude>
  </ItemGroup>
  <ItemGroup>
    <Text Include="GameEngineLog.txt">
      <Filter>Resource Files</Filter>
    </Text>
  </ItemGroup>
  <ItemGroup>
    <None Include="shaders\reflectionVertOG.glsl">
      <Filter>Resource Files\Reflection</Filter>
    </None>
    <None Include="shaders\reflectionFrag.glsl">
      <Filter>Resource Files\Reflection</Filter>
    </None>
    <None Include="shaders\reflectionFragOG.glsl">
      <Filter>Resource Files\Reflection</Filter>
    </None>
    <None Include="shaders\reflectionVert.glsl">
      <Filter>Resource Files\Reflection</Filter>
    </None>
    <None Include="shaders\tessalationVert.glsl">
      <Filter>Resource Files\Tessalation</Filter>
    </None>
    <None Include="shaders\tessalationCtrl.glsl">
      <Filter>Resource Files\Tessalation</Filter>
    </None>
    <None Include="shaders\tessalationEval.glsl">
      <Filter>Resource Files\Tessalation</Filter>
    </None>
    <None Include="shaders\tessalationFrag.glsl">
      <Filter>Resource Files\Tessalation</Filter>
    </None>
    <None Include="shaders\texturePhongVert.glsl">
      <Filter>Resource Files\PhongLighting</Filter>
    </None>
    <None Include="shaders\texturePhongFrag.glsl">
      <Filter>Resource Files\PhongLighting</Filter>
    </None>
    <None Include="shaders\skyboxVert.glsl">
      <Filter>Resource Files\Skybox</Filter>
    </None>
    <None Include="shaders\skyboxFrag.glsl">
      <Filter>Resource Files\Skybox</Filter>
    </None>
    <None Include="shaders\normalVert.glsl">
      <Filter>Resource Files\Normal</Filter>
    </None>
    <None Include="shaders\normalFrag.glsl">
      <Filter>Resource Files\Normal</Filter>
    </None>
    <None Include="shaders\normalGeom.glsl">
      <Filter>Resource Files\Normal</Filter>
    </None>
    <None Include="shaders\defaultFrag.glsl">
      <Filter>Resource Files\Default</Filter>
    </None>
    <None Include="shaders\defaultVert.glsl">
      <Filter>Resource Files\Default</Filter>
    </None>
    <None Include="shaders\colourFrag.glsl">
      <Filter>Resource Files\Default</Filter>
    </None>
  </ItemGroup>
</Project>